
Microsoft Visual Studio Solution File, Format Version 12.00
# Visual Studio 15
Project("{FAE04EC0-301F-11D3-BF4B-00C04F79EFBC}") = "VRC.SDKBase", "VRC.SDKBase.csproj", "{F64B0DB9-C59C-0154-FECC-578DDC7E71F3}"
EndProject
Project("{FAE04EC0-301F-11D3-BF4B-00C04F79EFBC}") = "VRC.Udon.Serialization.OdinSerializer", "VRC.Udon.Serialization.OdinSerializer.csproj", "{353E8E1A-AA20-BF00-4420-9281A856D3E7}"
EndProject
Project("{FAE04EC0-301F-11D3-BF4B-00C04F79EFBC}") = "UniTask", "UniTask.csproj", "{9BA32A1B-E9C7-0674-93FC-2D114CFF262B}"
EndProject
Project("{FAE04EC0-301F-11D3-BF4B-00C04F79EFBC}") = "UdonSharp.Runtime", "UdonSharp.Runtime.csproj", "{B6E40B0C-9141-C0E5-B824-80258F9B548C}"
EndProject
Project("{FAE04EC0-301F-11D3-BF4B-00C04F79EFBC}") = "VRC.Udon", "VRC.Udon.csproj", "{7EF07026-A288-FA1C-2CF3-F04D53997409}"
EndProject
Project("{FAE04EC0-301F-11D3-BF4B-00C04F79EFBC}") = "UniTask.Linq", "UniTask.Linq.csproj", "{D6C5477B-4C9B-8376-724F-A3DBAA729CCB}"
EndProject
Project("{FAE04EC0-301F-11D3-BF4B-00C04F79EFBC}") = "VRC.ClientSim", "VRC.ClientSim.csproj", "{06CB5D33-BD1D-D478-CF36-B2C76C57BB97}"
EndProject
Project("{FAE04EC0-301F-11D3-BF4B-00C04F79EFBC}") = "Assembly-CSharp", "Assembly-CSharp.csproj", "{26F3C0CF-D661-9333-566F-C3AAA79D85E9}"
EndProject
Project("{FAE04EC0-301F-11D3-BF4B-00C04F79EFBC}") = "VRC.SDK3", "VRC.SDK3.csproj", "{D6E2EC16-9021-DFC9-28B5-D3786CD66AFC}"
EndProject
Project("{FAE04EC0-301F-11D3-BF4B-00C04F79EFBC}") = "UdonSharp.Lib", "UdonSharp.Lib.csproj", "{78C53957-9C6F-F28B-4387-A749D998C612}"
EndProject
Project("{FAE04EC0-301F-11D3-BF4B-00C04F79EFBC}") = "VRC.SDKBase.Editor.BuildPipeline", "VRC.SDKBase.Editor.BuildPipeline.csproj", "{0BD9845D-4036-A4A8-DCEA-502F14771A6F}"
EndProject
Project("{FAE04EC0-301F-11D3-BF4B-00C04F79EFBC}") = "UniTask.TextMeshPro", "UniTask.TextMeshPro.csproj", "{5C51AE36-4AD1-4950-FD99-49F17129A158}"
EndProject
Project("{FAE04EC0-301F-11D3-BF4B-00C04F79EFBC}") = "UniTask.DOTween", "UniTask.DOTween.csproj", "{8448860E-4AB0-BC34-45D0-ED675894F65B}"
EndProject
Project("{FAE04EC0-301F-11D3-BF4B-00C04F79EFBC}") = "UniTask.Addressables", "UniTask.Addressables.csproj", "{68A9595A-91D4-642A-7050-CDD34A404DFA}"
EndProject
Project("{FAE04EC0-301F-11D3-BF4B-00C04F79EFBC}") = "UdonSharp.Editor", "UdonSharp.Editor.csproj", "{3A667D9B-BFBD-91BB-8508-4DA1771C631D}"
EndProject
Project("{FAE04EC0-301F-11D3-BF4B-00C04F79EFBC}") = "VRC.SDKBase.Editor", "VRC.SDKBase.Editor.csproj", "{2A6BECB0-E48E-E08F-BE6D-4B47B841937D}"
EndProject
Project("{FAE04EC0-301F-11D3-BF4B-00C04F79EFBC}") = "VRC.Udon.Editor", "VRC.Udon.Editor.csproj", "{CF160F4A-0B99-D63D-E16C-063B508E158A}"
EndProject
Project("{FAE04EC0-301F-11D3-BF4B-00C04F79EFBC}") = "VRC.SDK3.Editor", "VRC.SDK3.Editor.csproj", "{FD234417-E521-3DD1-158A-A6FE5773E647}"
EndProject
Project("{FAE04EC0-301F-11D3-BF4B-00C04F79EFBC}") = "VRC.SDKBase.Editor.ShaderStripping", "VRC.SDKBase.Editor.ShaderStripping.csproj", "{FF91A9B7-B3F7-90A6-F9AE-3EF06F4B690C}"
EndProject
Project("{FAE04EC0-301F-11D3-BF4B-00C04F79EFBC}") = "com.vrchat.core.vpm-resolver.Editor", "com.vrchat.core.vpm-resolver.Editor.csproj", "{B1335AF1-69B2-EA06-DE34-83C6958FFE64}"
EndProject
Project("{FAE04EC0-301F-11D3-BF4B-00C04F79EFBC}") = "VRC.ClientSim.Editor", "VRC.ClientSim.Editor.csproj", "{E5F93E7F-4785-B2F0-26D0-B481AD6E4C94}"
EndProject
Project("{FAE04EC0-301F-11D3-BF4B-00C04F79EFBC}") = "UniTask.Editor", "UniTask.Editor.csproj", "{A13D1913-05A2-C613-048B-946DA61B5BDC}"
EndProject
Project("{FAE04EC0-301F-11D3-BF4B-00C04F79EFBC}") = "UnityEditorTests", "UnityEditorTests.csproj", "{7078CAAC-11DB-76A2-F950-78A0E6F85A84}"
EndProject
Global
	GlobalSection(SolutionConfigurationPlatforms) = preSolution
		Debug|Any CPU = Debug|Any CPU
		Release|Any CPU = Release|Any CPU
	EndGlobalSection
	GlobalSection(ProjectConfigurationPlatforms) = postSolution
		{F64B0DB9-C59C-0154-FECC-578DDC7E71F3}.Debug|Any CPU.ActiveCfg = Debug|Any CPU
		{F64B0DB9-C59C-0154-FECC-578DDC7E71F3}.Debug|Any CPU.Build.0 = Debug|Any CPU
		{F64B0DB9-C59C-0154-FECC-578DDC7E71F3}.Release|Any CPU.ActiveCfg = Release|Any CPU
		{F64B0DB9-C59C-0154-FECC-578DDC7E71F3}.Release|Any CPU.Build.0 = Release|Any CPU
		{353E8E1A-AA20-BF00-4420-9281A856D3E7}.Debug|Any CPU.ActiveCfg = Debug|Any CPU
		{353E8E1A-AA20-BF00-4420-9281A856D3E7}.Debug|Any CPU.Build.0 = Debug|Any CPU
		{353E8E1A-AA20-BF00-4420-9281A856D3E7}.Release|Any CPU.ActiveCfg = Release|Any CPU
		{353E8E1A-AA20-BF00-4420-9281A856D3E7}.Release|Any CPU.Build.0 = Release|Any CPU
		{9BA32A1B-E9C7-0674-93FC-2D114CFF262B}.Debug|Any CPU.ActiveCfg = Debug|Any CPU
		{9BA32A1B-E9C7-0674-93FC-2D114CFF262B}.Debug|Any CPU.Build.0 = Debug|Any CPU
		{9BA32A1B-E9C7-0674-93FC-2D114CFF262B}.Release|Any CPU.ActiveCfg = Release|Any CPU
		{9BA32A1B-E9C7-0674-93FC-2D114CFF262B}.Release|Any CPU.Build.0 = Release|Any CPU
		{B6E40B0C-9141-C0E5-B824-80258F9B548C}.Debug|Any CPU.ActiveCfg = Debug|Any CPU
		{B6E40B0C-9141-C0E5-B824-80258F9B548C}.Debug|Any CPU.Build.0 = Debug|Any CPU
		{B6E40B0C-9141-C0E5-B824-80258F9B548C}.Release|Any CPU.ActiveCfg = Release|Any CPU
		{B6E40B0C-9141-C0E5-B824-80258F9B548C}.Release|Any CPU.Build.0 = Release|Any CPU
		{7EF07026-A288-FA1C-2CF3-F04D53997409}.Debug|Any CPU.ActiveCfg = Debug|Any CPU
		{7EF07026-A288-FA1C-2CF3-F04D53997409}.Debug|Any CPU.Build.0 = Debug|Any CPU
		{7EF07026-A288-FA1C-2CF3-F04D53997409}.Release|Any CPU.ActiveCfg = Release|Any CPU
		{7EF07026-A288-FA1C-2CF3-F04D53997409}.Release|Any CPU.Build.0 = Release|Any CPU
		{D6C5477B-4C9B-8376-724F-A3DBAA729CCB}.Debug|Any CPU.ActiveCfg = Debug|Any CPU
		{D6C5477B-4C9B-8376-724F-A3DBAA729CCB}.Debug|Any CPU.Build.0 = Debug|Any CPU
		{D6C5477B-4C9B-8376-724F-A3DBAA729CCB}.Release|Any CPU.ActiveCfg = Release|Any CPU
		{D6C5477B-4C9B-8376-724F-A3DBAA729CCB}.Release|Any CPU.Build.0 = Release|Any CPU
		{06CB5D33-BD1D-D478-CF36-B2C76C57BB97}.Debug|Any CPU.ActiveCfg = Debug|Any CPU
		{06CB5D33-BD1D-D478-CF36-B2C76C57BB97}.Debug|Any CPU.Build.0 = Debug|Any CPU
		{06CB5D33-BD1D-D478-CF36-B2C76C57BB97}.Release|Any CPU.ActiveCfg = Release|Any CPU
		{06CB5D33-BD1D-D478-CF36-B2C76C57BB97}.Release|Any CPU.Build.0 = Release|Any CPU
		{26F3C0CF-D661-9333-566F-C3AAA79D85E9}.Debug|Any CPU.ActiveCfg = Debug|Any CPU
		{26F3C0CF-D661-9333-566F-C3AAA79D85E9}.Debug|Any CPU.Build.0 = Debug|Any CPU
		{26F3C0CF-D661-9333-566F-C3AAA79D85E9}.Release|Any CPU.ActiveCfg = Release|Any CPU
		{26F3C0CF-D661-9333-566F-C3AAA79D85E9}.Release|Any CPU.Build.0 = Release|Any CPU
		{D6E2EC16-9021-DFC9-28B5-D3786CD66AFC}.Debug|Any CPU.ActiveCfg = Debug|Any CPU
		{D6E2EC16-9021-DFC9-28B5-D3786CD66AFC}.Debug|Any CPU.Build.0 = Debug|Any CPU
		{D6E2EC16-9021-DFC9-28B5-D3786CD66AFC}.Release|Any CPU.ActiveCfg = Release|Any CPU
		{D6E2EC16-9021-DFC9-28B5-D3786CD66AFC}.Release|Any CPU.Build.0 = Release|Any CPU
		{78C53957-9C6F-F28B-4387-A749D998C612}.Debug|Any CPU.ActiveCfg = Debug|Any CPU
		{78C53957-9C6F-F28B-4387-A749D998C612}.Debug|Any CPU.Build.0 = Debug|Any CPU
		{78C53957-9C6F-F28B-4387-A749D998C612}.Release|Any CPU.ActiveCfg = Release|Any CPU
		{78C53957-9C6F-F28B-4387-A749D998C612}.Release|Any CPU.Build.0 = Release|Any CPU
		{0BD9845D-4036-A4A8-DCEA-502F14771A6F}.Debug|Any CPU.ActiveCfg = Debug|Any CPU
		{0BD9845D-4036-A4A8-DCEA-502F14771A6F}.Debug|Any CPU.Build.0 = Debug|Any CPU
		{0BD9845D-4036-A4A8-DCEA-502F14771A6F}.Release|Any CPU.ActiveCfg = Release|Any CPU
		{0BD9845D-4036-A4A8-DCEA-502F14771A6F}.Release|Any CPU.Build.0 = Release|Any CPU
		{5C51AE36-4AD1-4950-FD99-49F17129A158}.Debug|Any CPU.ActiveCfg = Debug|Any CPU
		{5C51AE36-4AD1-4950-FD99-49F17129A158}.Debug|Any CPU.Build.0 = Debug|Any CPU
		{5C51AE36-4AD1-4950-FD99-49F17129A158}.Release|Any CPU.ActiveCfg = Release|Any CPU
		{5C51AE36-4AD1-4950-FD99-49F17129A158}.Release|Any CPU.Build.0 = Release|Any CPU
		{8448860E-4AB0-BC34-45D0-ED675894F65B}.Debug|Any CPU.ActiveCfg = Debug|Any CPU
		{8448860E-4AB0-BC34-45D0-ED675894F65B}.Debug|Any CPU.Build.0 = Debug|Any CPU
		{8448860E-4AB0-BC34-45D0-ED675894F65B}.Release|Any CPU.ActiveCfg = Release|Any CPU
		{8448860E-4AB0-BC34-45D0-ED675894F65B}.Release|Any CPU.Build.0 = Release|Any CPU
		{68A9595A-91D4-642A-7050-CDD34A404DFA}.Debug|Any CPU.ActiveCfg = Debug|Any CPU
		{68A9595A-91D4-642A-7050-CDD34A404DFA}.Debug|Any CPU.Build.0 = Debug|Any CPU
		{68A9595A-91D4-642A-7050-CDD34A404DFA}.Release|Any CPU.ActiveCfg = Release|Any CPU
		{68A9595A-91D4-642A-7050-CDD34A404DFA}.Release|Any CPU.Build.0 = Release|Any CPU
		{3A667D9B-BFBD-91BB-8508-4DA1771C631D}.Debug|Any CPU.ActiveCfg = Debug|Any CPU
		{3A667D9B-BFBD-91BB-8508-4DA1771C631D}.Debug|Any CPU.Build.0 = Debug|Any CPU
		{3A667D9B-BFBD-91BB-8508-4DA1771C631D}.Release|Any CPU.ActiveCfg = Release|Any CPU
		{3A667D9B-BFBD-91BB-8508-4DA1771C631D}.Release|Any CPU.Build.0 = Release|Any CPU
		{2A6BECB0-E48E-E08F-BE6D-4B47B841937D}.Debug|Any CPU.ActiveCfg = Debug|Any CPU
		{2A6BECB0-E48E-E08F-BE6D-4B47B841937D}.Debug|Any CPU.Build.0 = Debug|Any CPU
		{2A6BECB0-E48E-E08F-BE6D-4B47B841937D}.Release|Any CPU.ActiveCfg = Release|Any CPU
		{2A6BECB0-E48E-E08F-BE6D-4B47B841937D}.Release|Any CPU.Build.0 = Release|Any CPU
		{CF160F4A-0B99-D63D-E16C-063B508E158A}.Debug|Any CPU.ActiveCfg = Debug|Any CPU
		{CF160F4A-0B99-D63D-E16C-063B508E158A}.Debug|Any CPU.Build.0 = Debug|Any CPU
		{CF160F4A-0B99-D63D-E16C-063B508E158A}.Release|Any CPU.ActiveCfg = Release|Any CPU
		{CF160F4A-0B99-D63D-E16C-063B508E158A}.Release|Any CPU.Build.0 = Release|Any CPU
		{FD234417-E521-3DD1-158A-A6FE5773E647}.Debug|Any CPU.ActiveCfg = Debug|Any CPU
		{FD234417-E521-3DD1-158A-A6FE5773E647}.Debug|Any CPU.Build.0 = Debug|Any CPU
		{FD234417-E521-3DD1-158A-A6FE5773E647}.Release|Any CPU.ActiveCfg = Release|Any CPU
		{FD234417-E521-3DD1-158A-A6FE5773E647}.Release|Any CPU.Build.0 = Release|Any CPU
		{FF91A9B7-B3F7-90A6-F9AE-3EF06F4B690C}.Debug|Any CPU.ActiveCfg = Debug|Any CPU
		{FF91A9B7-B3F7-90A6-F9AE-3EF06F4B690C}.Debug|Any CPU.Build.0 = Debug|Any CPU
		{FF91A9B7-B3F7-90A6-F9AE-3EF06F4B690C}.Release|Any CPU.ActiveCfg = Release|Any CPU
		{FF91A9B7-B3F7-90A6-F9AE-3EF06F4B690C}.Release|Any CPU.Build.0 = Release|Any CPU
		{B1335AF1-69B2-EA06-DE34-83C6958FFE64}.Debug|Any CPU.ActiveCfg = Debug|Any CPU
		{B1335AF1-69B2-EA06-DE34-83C6958FFE64}.Debug|Any CPU.Build.0 = Debug|Any CPU
		{B1335AF1-69B2-EA06-DE34-83C6958FFE64}.Release|Any CPU.ActiveCfg = Release|Any CPU
		{B1335AF1-69B2-EA06-DE34-83C6958FFE64}.Release|Any CPU.Build.0 = Release|Any CPU
		{E5F93E7F-4785-B2F0-26D0-B481AD6E4C94}.Debug|Any CPU.ActiveCfg = Debug|Any CPU
		{E5F93E7F-4785-B2F0-26D0-B481AD6E4C94}.Debug|Any CPU.Build.0 = Debug|Any CPU
		{E5F93E7F-4785-B2F0-26D0-B481AD6E4C94}.Release|Any CPU.ActiveCfg = Release|Any CPU
		{E5F93E7F-4785-B2F0-26D0-B481AD6E4C94}.Release|Any CPU.Build.0 = Release|Any CPU
		{A13D1913-05A2-C613-048B-946DA61B5BDC}.Debug|Any CPU.ActiveCfg = Debug|Any CPU
		{A13D1913-05A2-C613-048B-946DA61B5BDC}.Debug|Any CPU.Build.0 = Debug|Any CPU
		{A13D1913-05A2-C613-048B-946DA61B5BDC}.Release|Any CPU.ActiveCfg = Release|Any CPU
		{A13D1913-05A2-C613-048B-946DA61B5BDC}.Release|Any CPU.Build.0 = Release|Any CPU
		{7078CAAC-11DB-76A2-F950-78A0E6F85A84}.Debug|Any CPU.ActiveCfg = Debug|Any CPU
		{7078CAAC-11DB-76A2-F950-78A0E6F85A84}.Debug|Any CPU.Build.0 = Debug|Any CPU
		{7078CAAC-11DB-76A2-F950-78A0E6F85A84}.Release|Any CPU.ActiveCfg = Release|Any CPU
		{7078CAAC-11DB-76A2-F950-78A0E6F85A84}.Release|Any CPU.Build.0 = Release|Any CPU
	EndGlobalSection
	GlobalSection(SolutionProperties) = preSolution
		HideSolutionNode = FALSE
	EndGlobalSection
EndGlobal
